
Microsoft Visual Studio Solution File, Format Version 12.00
# Visual Studio Version 16
VisualStudioVersion = 16.0.28803.202
MinimumVisualStudioVersion = 10.0.40219.1
Project("{FAE04EC0-301F-11D3-BF4B-00C04F79EFBC}") = "Singleton", "Singleton\Singleton.csproj", "{C442E5FF-FAE5-46B8-815A-EBB8FD5C6BBA}"
EndProject
Global
	GlobalSection(SolutionConfigurationPlatforms) = preSolution
		Debug|Any CPU = Debug|Any CPU
		Release|Any CPU = Release|Any CPU
	EndGlobalSection
	GlobalSection(ProjectConfigurationPlatforms) = postSolution
		{C442E5FF-FAE5-46B8-815A-EBB8FD5C6BBA}.Debug|Any CPU.ActiveCfg = Debug|Any CPU
		{C442E5FF-FAE5-46B8-815A-EBB8FD5C6BBA}.Debug|Any CPU.Build.0 = Debug|Any CPU
		{C442E5FF-FAE5-46B8-815A-EBB8FD5C6BBA}.Release|Any CPU.ActiveCfg = Release|Any CPU
		{C442E5FF-FAE5-46B8-815A-EBB8FD5C6BBA}.Release|Any CPU.Build.0 = Release|Any CPU
	EndGlobalSection
	GlobalSection(SolutionProperties) = preSolution
		HideSolutionNode = FALSE
	EndGlobalSection
	GlobalSection(ExtensibilityGlobals) = postSolution
		SolutionGuid = {67432DB5-204B-4121-8CDA-E71461740E52}
	EndGlobalSection
EndGlobal
